{
  "nodes": {
    "blueprint": {
      "inputs": {
        "nixpkgs": [
          "nixpkgs"
        ],
        "systems": "systems"
      },
      "locked": {
        "lastModified": 1769353768,
        "narHash": "sha256-zI+7cbMI4wMIR57jMjDSEsVb3grapTnURDxxJPYFIW0=",
        "owner": "numtide",
        "repo": "blueprint",
        "rev": "c7da5c70ad1c9b60b6f5d4f674fbe205d48d8f6c",
        "type": "github"
      },
      "original": {
        "owner": "numtide",
        "repo": "blueprint",
        "type": "github"
      }
    },
    "commonmark-simple": {
      "flake": false,
      "locked": {
        "lastModified": 1755566927,
        "narHash": "sha256-2WE5SjwgwjKdsHxDRfQIb2WRrVYoNPiCIyG4HZd8Znk=",
        "owner": "srid",
        "repo": "commonmark-simple",
        "rev": "81dc7a66b2490a701bfc87e6e892307665e6336e",
        "type": "github"
      },
      "original": {
        "owner": "srid",
        "ref": "0.2.0.0",
        "repo": "commonmark-simple",
        "type": "github"
      }
    },
    "commonmark-wikilink": {
      "flake": false,
      "locked": {
        "lastModified": 1777254858,
        "narHash": "sha256-dxjsU2SGG2txShwdXCl18ND18Y5Qbqt3J/FlrKhrkp4=",
        "owner": "srid",
        "repo": "commonmark-wikilink",
        "rev": "e47ba496ceaf68ec119e56eb22670ae017b35a42",
        "type": "github"
      },
      "original": {
        "owner": "srid",
        "ref": "master",
        "repo": "commonmark-wikilink",
        "type": "github"
      }
    },
    "crane": {
      "locked": {
        "lastModified": 1770419512,
        "narHash": "sha256-o8Vcdz6B6bkiGUYkZqFwH3Pv1JwZyXht3dMtS7RchIo=",
        "owner": "ipetkov",
        "repo": "crane",
        "rev": "2510f2cbc3ccd237f700bb213756a8f35c32d8d7",
        "type": "github"
      },
      "original": {
        "owner": "ipetkov",
        "repo": "crane",
        "type": "github"
      }
    },
    "devshell": {
      "inputs": {
        "nixpkgs": [
          "nix-seed",
          "nixpkgs"
        ]
      },
      "locked": {
        "lastModified": 1768818222,
        "narHash": "sha256-460jc0+CZfyaO8+w8JNtlClB2n4ui1RbHfPTLkpwhU8=",
        "owner": "numtide",
        "repo": "devshell",
        "rev": "255a2b1725a20d060f566e4755dbf571bbbb5f76",
        "type": "github"
      },
      "original": {
        "owner": "numtide",
        "repo": "devshell",
        "type": "github"
      }
    },
    "dpella-jsonrpc": {
      "flake": false,
      "locked": {
        "lastModified": 1771256709,
        "narHash": "sha256-gdBzrXo/tm9Xcs35yYiZkf9OI3S/FEV/5eGY183ywm4=",
        "owner": "dpella",
        "repo": "jsonrpc",
        "rev": "0a708eb6c2744e1d69822d1cb90e9e352455a51b",
        "type": "github"
      },
      "original": {
        "owner": "dpella",
        "repo": "jsonrpc",
        "rev": "0a708eb6c2744e1d69822d1cb90e9e352455a51b",
        "type": "github"
      }
    },
    "dpella-mcp": {
      "flake": false,
      "locked": {
        "lastModified": 1771505470,
        "narHash": "sha256-wfh76/wO6j5JCIB++vfZn4LaFz1KAdy7hBjaFIpW5ZI=",
        "owner": "dpella",
        "repo": "mcp",
        "rev": "52d13472d23ec11b9f6109f0fbf5159e9fda93da",
        "type": "github"
      },
      "original": {
        "owner": "dpella",
        "repo": "mcp",
        "rev": "52d13472d23ec11b9f6109f0fbf5159e9fda93da",
        "type": "github"
      }
    },
    "ema": {
      "flake": false,
      "locked": {
        "lastModified": 1777214989,
        "narHash": "sha256-bzypHo+Z/fLJRK1hTEuxCzK/ybxJixDrfML8M6cfDtk=",
        "owner": "srid",
        "repo": "ema",
        "rev": "87da4f3c678b78bc3ee96225910a3932b3e8b6f9",
        "type": "github"
      },
      "original": {
        "owner": "srid",
        "repo": "ema",
        "type": "github"
      }
    },
    "emanote": {
      "inputs": {
        "commonmark-simple": "commonmark-simple",
        "commonmark-wikilink": "commonmark-wikilink",
        "dpella-jsonrpc": "dpella-jsonrpc",
        "dpella-mcp": "dpella-mcp",
        "ema": "ema",
        "emanote-template": "emanote-template",
        "flake-parts": [
          "nix-seed",
          "flake-parts"
        ],
        "fourmolu-nix": "fourmolu-nix",
        "git-hooks": [
          "nix-seed",
          "git-hooks"
        ],
        "haskell-flake": "haskell-flake",
        "heist-extra": "heist-extra",
        "lvar": "lvar",
        "nixos-unified": "nixos-unified",
        "nixpkgs": [
          "nix-seed",
          "nixpkgs"
        ],
        "nixpkgs-latest": "nixpkgs-latest",
        "unionmount": "unionmount"
      },
      "locked": {
        "lastModified": 1782681888,
        "narHash": "sha256-rnGhPJQ7CCG1OC1wBREYxRvNytjQG/PFVroK4tNWX4o=",
        "owner": "srid",
        "repo": "emanote",
        "rev": "9d0103737216e5f36f3642eadb31e39dcb9c95f1",
        "type": "github"
      },
      "original": {
        "owner": "srid",
        "repo": "emanote",
        "type": "github"
      }
    },
    "emanote-template": {
      "flake": false,
      "locked": {
        "lastModified": 1745726040,
        "narHash": "sha256-cLL9ylGe1OoN/KSX7+FRW3j8rm5iPTCleOJGSdOfdE0=",
        "owner": "srid",
        "repo": "emanote-template",
        "rev": "1475b182fc136fc5da3a3b3e2b9be90795af19bb",
        "type": "github"
      },
      "original": {
        "owner": "srid",
        "repo": "emanote-template",
        "type": "github"
      }
    },
    "flake-compat": {
      "flake": false,
      "locked": {
        "lastModified": 1767039857,
        "narHash": "sha256-vNpUSpF5Nuw8xvDLj2KCwwksIbjua2LZCqhV1LNRDns=",
        "owner": "NixOS",
        "repo": "flake-compat",
        "rev": "5edf11c44bc78a0d334f6334cdaf7d60d732daab",
        "type": "github"
      },
      "original": {
        "owner": "NixOS",
        "repo": "flake-compat",
        "type": "github"
      }
    },
    "flake-parts": {
      "inputs": {
        "nixpkgs-lib": "nixpkgs-lib"
      },
      "locked": {
        "lastModified": 1787559586,
        "narHash": "sha256-onL0VLf9vPllmT0H/OlURIU5r5t5WIEl7t4tVNKT0Nw=",
        "owner": "hercules-ci",
        "repo": "flake-parts",
        "rev": "9d0d87172c374f89da73c1cfe6d81ae62feac1f1",
        "type": "github"
      },
      "original": {
        "owner": "hercules-ci",
        "repo": "flake-parts",
        "type": "github"
      }
    },
    "flake-utils": {
      "inputs": {
        "systems": [
          "nix-seed",
          "systems"
        ]
      },
      "locked": {
        "lastModified": 1726560853,
        "narHash": "sha256-X6rJYSESBVr3hBoH0WbKE5KvhPU5bloyZ2L4K60/fPQ=",
        "owner": "numtide",
        "repo": "flake-utils",
        "rev": "c1dfcf08411b08f6b8615f7d8971a2bfa81d5e8a",
        "type": "github"
      },
      "original": {
        "owner": "numtide",
        "repo": "flake-utils",
        "type": "github"
      }
    },
    "fourmolu-nix": {
      "locked": {
        "lastModified": 1707266073,
        "narHash": "sha256-tCFzZQJicDdYjnuJiNK4hiiRAH7c2wQzMhOCdUMbVKE=",
        "owner": "jedimahdi",
        "repo": "fourmolu-nix",
        "rev": "717f5a91b0d7b97b1be7ecc3a0fd42d37ffe1c9b",
        "type": "github"
      },
      "original": {
        "owner": "jedimahdi",
        "repo": "fourmolu-nix",
        "type": "github"
      }
    },
    "git-hooks": {
      "inputs": {
        "flake-compat": "flake-compat",
        "nixpkgs": [
          "nix-seed",
          "nixpkgs"
        ]
      },
      "locked": {
        "lastModified": 1787424939,
        "narHash": "sha256-O2tBn84NNuHrnqNVxx/XqsXwfYvS1YwBh+7CBnbCYsk=",
        "owner": "cachix",
        "repo": "git-hooks.nix",
        "rev": "809414f0cdadf82cf11b06c2b29ba9b3168b3297",
        "type": "github"
      },
      "original": {
        "owner": "cachix",
        "repo": "git-hooks.nix",
        "type": "github"
      }
    },
    "github-actions-nix": {
      "inputs": {
        "flake-parts": [
          "nix-seed",
          "flake-parts"
        ],
        "nixpkgs": [
          "nix-seed",
          "nixpkgs"
        ]
      },
      "locked": {
        "lastModified": 1780538232,
        "narHash": "sha256-4fAohjPxuyg7m9iK1A9j/bLgsrNf7Nkqsl9BUks02SE=",
        "owner": "synapdeck",
        "repo": "github-actions-nix",
        "rev": "9068b31c3acd21b5d3354268faf182dafb21f5a5",
        "type": "github"
      },
      "original": {
        "owner": "synapdeck",
        "repo": "github-actions-nix",
        "type": "github"
      }
    },
    "gitlab-ci": {
      "inputs": {
        "nixica": "nixica",
        "nixpkgs": [
          "nix-seed",
          "nixpkgs"
        ]
      },
      "locked": {
        "lastModified": 1783431140,
        "narHash": "sha256-nu7ZQoERUJTtEpW+K7wvMvDEuv4D1dS1X5yie99aXK0=",
        "ref": "refs/heads/master",
        "rev": "d0c0ef8d2ee538aed67902f01f38d5e9147b3522",
        "revCount": 166,
        "type": "git",
        "url": "https://gitlab.horizon-haskell.net/nix/gitlab-ci.git"
      },
      "original": {
        "type": "git",
        "url": "https://gitlab.horizon-haskell.net/nix/gitlab-ci.git"
      }
    },
    "haskell-flake": {
      "locked": {
        "lastModified": 1776783293,
        "narHash": "sha256-Na95Y2awqZsLhFNfBNbLj0hk4zyE3eKUROB2o9Qdqi8=",
        "owner": "srid",
        "repo": "haskell-flake",
        "rev": "f52ac89b2232dd50e5d1110416ebc5bbb09265bd",
        "type": "github"
      },
      "original": {
        "owner": "srid",
        "repo": "haskell-flake",
        "type": "github"
      }
    },
    "heist-extra": {
      "flake": false,
      "locked": {
        "lastModified": 1777548733,
        "narHash": "sha256-YefkrB6jip7AV9ssRLngjSbp9xHE/xcSgfQMzDjpga0=",
        "owner": "srid",
        "repo": "heist-extra",
        "rev": "85c433921629d0de9374bc5deaa866ec830748c2",
        "type": "github"
      },
      "original": {
        "owner": "srid",
        "repo": "heist-extra",
        "type": "github"
      }
    },
    "import-tree": {
      "locked": {
        "lastModified": 1772999353,
        "narHash": "sha256-dPb0WxUhFaz6wuR3B6ysqFJpsu8txKDPZvS47AT2XLI=",
        "owner": "vic",
        "repo": "import-tree",
        "rev": "545a4df146fce44d155573e47f5a777985acf912",
        "type": "github"
      },
      "original": {
        "owner": "vic",
        "repo": "import-tree",
        "type": "github"
      }
    },
    "lvar": {
      "flake": false,
      "locked": {
        "lastModified": 1753226155,
        "narHash": "sha256-Uwg5s0SlxLp83bXHA+6TIQV+L+lu8lwMpBdNuiuk7hg=",
        "owner": "srid",
        "repo": "lvar",
        "rev": "cd110d4823ee7b8bbbf115a47c79bc304c3309cd",
        "type": "github"
      },
      "original": {
        "owner": "srid",
        "ref": "0.2.0.0",
        "repo": "lvar",
        "type": "github"
      }
    },
    "mkdocs-flake": {
      "inputs": {
        "flake-parts": [
          "nix-seed",
          "flake-parts"
        ],
        "nixpkgs": [
          "nix-seed",
          "nixpkgs"
        ],
        "poetry2nix": [
          "nix-seed",
          "poetry2nix"
        ],
        "pyproject-build-systems": "pyproject-build-systems",
        "pyproject-nix": "pyproject-nix",
        "treefmt-nix": [
          "nix-seed",
          "treefmt-nix"
        ],
        "uv2nix": "uv2nix"
      },
      "locked": {
        "lastModified": 1778249747,
        "narHash": "sha256-6G8VqjpQbL8mocYSfdGw/lMHi4N+BWFEG4MFBPCsy9M=",
        "owner": "applicative-systems",
        "repo": "mkdocs-flake",
        "rev": "3948ac2104b006a2bdaac5a36eddc35a3c4cf975",
        "type": "github"
      },
      "original": {
        "owner": "applicative-systems",
        "repo": "mkdocs-flake",
        "type": "github"
      }
    },
    "nix-github-actions": {
      "inputs": {
        "nixpkgs": [
          "nixpkgs"
        ]
      },
      "locked": {
        "lastModified": 1737420293,
        "narHash": "sha256-F1G5ifvqTpJq7fdkT34e/Jy9VCyzd5XfJ9TO8fHhJWE=",
        "owner": "nix-community",
        "repo": "nix-github-actions",
        "rev": "f4158fa080ef4503c8f4c820967d946c2af31ec9",
        "type": "github"
      },
      "original": {
        "owner": "nix-community",
        "repo": "nix-github-actions",
        "type": "github"
      }
    },
    "nix-github-actions_2": {
      "inputs": {
        "nixpkgs": [
          "nix-seed",
          "nixpkgs"
        ]
      },
      "locked": {
        "lastModified": 1737420293,
        "narHash": "sha256-F1G5ifvqTpJq7fdkT34e/Jy9VCyzd5XfJ9TO8fHhJWE=",
        "owner": "nix-community",
        "repo": "nix-github-actions",
        "rev": "f4158fa080ef4503c8f4c820967d946c2af31ec9",
        "type": "github"
      },
      "original": {
        "owner": "nix-community",
        "repo": "nix-github-actions",
        "type": "github"
      }
    },
    "nix-seed": {
      "inputs": {
        "devshell": "devshell",
        "emanote": "emanote",
        "flake-parts": "flake-parts",
        "git-hooks": "git-hooks",
        "github-actions-nix": "github-actions-nix",
        "gitlab-ci": "gitlab-ci",
        "mkdocs-flake": "mkdocs-flake",
        "nix-github-actions": "nix-github-actions_2",
        "nix-unit": "nix-unit",
        "nixpkgs": [
          "nixpkgs"
        ],
        "poetry2nix": "poetry2nix",
        "systems": "systems_2",
        "treefmt-nix": "treefmt-nix"
      },
      "locked": {
        "lastModified": 1789151039,
        "narHash": "sha256-VjA09690CJlqRoNOi/ZGPBG+aUPLmVP7VSprgohXFLs=",
        "owner": "roundtablelove",
        "repo": "nix-seed",
        "rev": "d360ec96dd164aba98fa9b17db10a5c7cfb07dd7",
        "type": "github"
      },
      "original": {
        "owner": "roundtablelove",
        "repo": "nix-seed",
        "type": "github"
      }
    },
    "nix-unit": {
      "inputs": {
        "nix-github-actions": [
          "nix-seed",
          "nix-github-actions"
        ],
        "nixpkgs": [
          "nix-seed",
          "nixpkgs"
        ],
        "treefmt-nix": [
          "nix-seed",
          "treefmt-nix"
        ]
      },
      "locked": {
        "lastModified": 1784925540,
        "narHash": "sha256-11IOL5tyJbB3vMQzzhIULuPtoHJpkLFz4BaKApm6t0Q=",
        "owner": "nix-community",
        "repo": "nix-unit",
        "rev": "b3d16367c54621fd073aa8c1dd510042f771f624",
        "type": "github"
      },
      "original": {
        "owner": "nix-community",
        "repo": "nix-unit",
        "type": "github"
      }
    },
    "nixica": {
      "inputs": {
        "flake-parts": [
          "nix-seed",
          "flake-parts"
        ],
        "import-tree": "import-tree",
        "nixpkgs": [
          "nix-seed",
          "nixpkgs"
        ],
        "treefmt-nix": [
          "nix-seed",
          "treefmt-nix"
        ]
      },
      "locked": {
        "host": "gitlab.horizon-haskell.net",
        "lastModified": 1775077024,
        "narHash": "sha256-CjOPszD6W9aX3p0U8mpSX/xugR9fLEaPqRSi4x7DQow=",
        "owner": "nix",
        "repo": "nixica",
        "rev": "21b916eec21d6ffe7b1395dbae2be6b58a4b0f6d",
        "type": "gitlab"
      },
      "original": {
        "host": "gitlab.horizon-haskell.net",
        "owner": "nix",
        "ref": "refs/tags/0.9.0",
        "repo": "nixica",
        "type": "gitlab"
      }
    },
    "nixos-unified": {
      "locked": {
        "lastModified": 1751174231,
        "narHash": "sha256-OLPo3ZI/gKH0C6P6l2W9RYm1ow/Jl4qBrasQ3rjAA0E=",
        "owner": "srid",
        "repo": "nixos-unified",
        "rev": "05eb3d59d3b48460ea01c419702d4fc0c3210805",
        "type": "github"
      },
      "original": {
        "owner": "srid",
        "repo": "nixos-unified",
        "type": "github"
      }
    },
    "nixpkgs": {
      "locked": {
        "lastModified": 1770537093,
        "narHash": "sha256-pF1quXG5wsgtyuPOHcLfYg/ft/QMr8NnX0i6tW2187s=",
        "owner": "NixOS",
        "repo": "nixpkgs",
        "rev": "fef9403a3e4d31b0a23f0bacebbec52c248fbb51",
        "type": "github"
      },
      "original": {
        "owner": "NixOS",
        "ref": "nixpkgs-unstable",
        "repo": "nixpkgs",
        "type": "github"
      }
    },
    "nixpkgs-latest": {
      "locked": {
        "lastModified": 1776949667,
        "narHash": "sha256-GMSVw35Q+294GlrTUKlx087E31z7KurReQ1YHSKp5iw=",
        "owner": "nixos",
        "repo": "nixpkgs",
        "rev": "01fbdeef22b76df85ea168fbfe1bfd9e63681b30",
        "type": "github"
      },
      "original": {
        "owner": "nixos",
        "ref": "nixpkgs-unstable",
        "repo": "nixpkgs",
        "type": "github"
      }
    },
    "nixpkgs-lib": {
      "locked": {
        "lastModified": 1785031560,
        "narHash": "sha256-OmshNvn2vupOFpYinLUu+1Dnpu4n7Q5N3ggGVNHpkUI=",
        "owner": "nix-community",
        "repo": "nixpkgs.lib",
        "rev": "0e79af5e3d4dcfcd676ab5ba3f95d2e3352e078c",
        "type": "github"
      },
      "original": {
        "owner": "nix-community",
        "repo": "nixpkgs.lib",
        "type": "github"
      }
    },
    "poetry2nix": {
      "inputs": {
        "flake-utils": "flake-utils",
        "nix-github-actions": [
          "nix-seed",
          "nix-github-actions"
        ],
        "nixpkgs": [
          "nix-seed",
          "nixpkgs"
        ],
        "systems": [
          "nix-seed",
          "systems"
        ],
        "treefmt-nix": [
          "nix-seed",
          "treefmt-nix"
        ]
      },
      "locked": {
        "lastModified": 1743690424,
        "narHash": "sha256-cX98bUuKuihOaRp8dNV1Mq7u6/CQZWTPth2IJPATBXc=",
        "owner": "nix-community",
        "repo": "poetry2nix",
        "rev": "ce2369db77f45688172384bbeb962bc6c2ea6f94",
        "type": "github"
      },
      "original": {
        "owner": "nix-community",
        "repo": "poetry2nix",
        "type": "github"
      }
    },
    "pyproject-build-systems": {
      "inputs": {
        "nixpkgs": [
          "nix-seed",
          "mkdocs-flake",
          "nixpkgs"
        ],
        "pyproject-nix": [
          "nix-seed",
          "mkdocs-flake",
          "pyproject-nix"
        ],
        "uv2nix": [
          "nix-seed",
          "mkdocs-flake",
          "uv2nix"
        ]
      },
      "locked": {
        "lastModified": 1776659114,
        "narHash": "sha256-qapCOQmR++yZSY43dzrp3wCrkOTLpod+ONtJWBk6iKU=",
        "owner": "pyproject-nix",
        "repo": "build-system-pkgs",
        "rev": "ffaa2161dd5d63e0e94591f86b54fc239660fb2e",
        "type": "github"
      },
      "original": {
        "owner": "pyproject-nix",
        "repo": "build-system-pkgs",
        "type": "github"
      }
    },
    "pyproject-nix": {
      "inputs": {
        "nixpkgs": [
          "nix-seed",
          "mkdocs-flake",
          "nixpkgs"
        ]
      },
      "locked": {
        "lastModified": 1776715674,
        "narHash": "sha256-Gs1VnEkCkkRZxJQAC/Dhz0Jbfi22mFXChbtNg9w/Ybg=",
        "owner": "pyproject-nix",
        "repo": "pyproject.nix",
        "rev": "69f57f27e52a87c54e28138a75ec741cd46663c9",
        "type": "github"
      },
      "original": {
        "owner": "pyproject-nix",
        "repo": "pyproject.nix",
        "type": "github"
      }
    },
    "root": {
      "inputs": {
        "blueprint": "blueprint",
        "crane": "crane",
        "nix-github-actions": "nix-github-actions",
        "nix-seed": "nix-seed",
        "nixpkgs": "nixpkgs"
      }
    },
    "systems": {
      "locked": {
        "lastModified": 1681028828,
        "narHash": "sha256-Vy1rq5AaRuLzOxct8nz4T6wlgyUR7zLU309k9mBC768=",
        "owner": "nix-systems",
        "repo": "default",
        "rev": "da67096a3b9bf56a91d16901293e51ba5b49a27e",
        "type": "github"
      },
      "original": {
        "owner": "nix-systems",
        "repo": "default",
        "type": "github"
      }
    },
    "systems_2": {
      "locked": {
        "lastModified": 1681028828,
        "narHash": "sha256-Vy1rq5AaRuLzOxct8nz4T6wlgyUR7zLU309k9mBC768=",
        "owner": "nix-systems",
        "repo": "default",
        "rev": "da67096a3b9bf56a91d16901293e51ba5b49a27e",
        "type": "github"
      },
      "original": {
        "owner": "nix-systems",
        "repo": "default",
        "type": "github"
      }
    },
    "treefmt-nix": {
      "inputs": {
        "nixpkgs": [
          "nix-seed",
          "nixpkgs"
        ]
      },
      "locked": {
        "lastModified": 1786901030,
        "narHash": "sha256-WSFCsDSE5ffgD2MqzkM2CYjeFiKhRF/dJUN8uedb6YE=",
        "owner": "numtide",
        "repo": "treefmt-nix",
        "rev": "27b3b12a8e6375f28ebe122f07d230ca5459bbfa",
        "type": "github"
      },
      "original": {
        "owner": "numtide",
        "repo": "treefmt-nix",
        "type": "github"
      }
    },
    "unionmount": {
      "flake": false,
      "locked": {
        "lastModified": 1778504504,
        "narHash": "sha256-SyJUttW4blD+1OW8yCMWndN1OxVP/pSJRmboIE9bQDM=",
        "owner": "srid",
        "repo": "unionmount",
        "rev": "7b631ebe44d1b9e3e6bc39c9acb97645ddf8b9ba",
        "type": "github"
      },
      "original": {
        "owner": "srid",
        "repo": "unionmount",
        "type": "github"
      }
    },
    "uv2nix": {
      "inputs": {
        "nixpkgs": [
          "nix-seed",
          "mkdocs-flake",
          "nixpkgs"
        ],
        "pyproject-nix": [
          "nix-seed",
          "mkdocs-flake",
          "pyproject-nix"
        ]
      },
      "locked": {
        "lastModified": 1777895960,
        "narHash": "sha256-KebDsQd+A7pm++Tp0744EjULttHvz1wbKqNKkMA/088=",
        "owner": "pyproject-nix",
        "repo": "uv2nix",
        "rev": "5ad90d48b80ecc920ca2247d53f46beba302e186",
        "type": "github"
      },
      "original": {
        "owner": "pyproject-nix",
        "repo": "uv2nix",
        "type": "github"
      }
    }
  },
  "root": "root",
  "version": 7
}
